
Microsoft Visual Studio Solution File, Format Version 12.00
# Visual Studio Version 17
VisualStudioVersion = 17.11.35222.181
MinimumVisualStudioVersion = 10.0.40219.1
Project("{FAE04EC0-301F-11D3-BF4B-00C04F79EFBC}") = "TZ250106", "TZ250106\TZ250106.csproj", "{7ED5F81D-47DC-40C3-847C-F62278935C32}"
EndProject
Global
	GlobalSection(SolutionConfigurationPlatforms) = preSolution
		Debug|Any CPU = Debug|Any CPU
		Release|Any CPU = Release|Any CPU
	EndGlobalSection
	GlobalSection(ProjectConfigurationPlatforms) = postSolution
		{7ED5F81D-47DC-40C3-847C-F62278935C32}.Debug|Any CPU.ActiveCfg = Debug|Any CPU
		{7ED5F81D-47DC-40C3-847C-F62278935C32}.Debug|Any CPU.Build.0 = Debug|Any CPU
		{7ED5F81D-47DC-40C3-847C-F62278935C32}.Release|Any CPU.ActiveCfg = Release|Any CPU
		{7ED5F81D-47DC-40C3-847C-F62278935C32}.Release|Any CPU.Build.0 = Release|Any CPU
	EndGlobalSection
	GlobalSection(SolutionProperties) = preSolution
		HideSolutionNode = FALSE
	EndGlobalSection
	GlobalSection(ExtensibilityGlobals) = postSolution
		SolutionGuid = {7B60E8C7-F82D-4F8B-8A26-A42C8F881DB9}
	EndGlobalSection
EndGlobal
